
Microsoft Visual Studio Solution File, Format Version 12.00
# Visual Studio Version 17
VisualStudioVersion = 17.6.33829.357
MinimumVisualStudioVersion = 10.0.40219.1
Project("{9A19103F-16F7-4668-BE54-9A1E7A4F7556}") = "Northwind.API", "Northwind.API\Northwind.API.csproj", "{4B17FB23-7654-4401-BD77-43A87ABB3CB3}"
EndProject
Project("{FAE04EC0-301F-11D3-BF4B-00C04F79EFBC}") = "Northwind.MVC", "Northwind.MVC\Northwind.MVC.csproj", "{F05668EF-B706-4733-8188-8F135B134168}"
EndProject
Global
	GlobalSection(SolutionConfigurationPlatforms) = preSolution
		Debug|Any CPU = Debug|Any CPU
		Release|Any CPU = Release|Any CPU
	EndGlobalSection
	GlobalSection(ProjectConfigurationPlatforms) = postSolution
		{4B17FB23-7654-4401-BD77-43A87ABB3CB3}.Debug|Any CPU.ActiveCfg = Debug|Any CPU
		{4B17FB23-7654-4401-BD77-43A87ABB3CB3}.Debug|Any CPU.Build.0 = Debug|Any CPU
		{4B17FB23-7654-4401-BD77-43A87ABB3CB3}.Release|Any CPU.ActiveCfg = Release|Any CPU
		{4B17FB23-7654-4401-BD77-43A87ABB3CB3}.Release|Any CPU.Build.0 = Release|Any CPU
		{F05668EF-B706-4733-8188-8F135B134168}.Debug|Any CPU.ActiveCfg = Debug|Any CPU
		{F05668EF-B706-4733-8188-8F135B134168}.Debug|Any CPU.Build.0 = Debug|Any CPU
		{F05668EF-B706-4733-8188-8F135B134168}.Release|Any CPU.ActiveCfg = Release|Any CPU
		{F05668EF-B706-4733-8188-8F135B134168}.Release|Any CPU.Build.0 = Release|Any CPU
	EndGlobalSection
	GlobalSection(SolutionProperties) = preSolution
		HideSolutionNode = FALSE
	EndGlobalSection
	GlobalSection(ExtensibilityGlobals) = postSolution
		SolutionGuid = {C83EC8FD-243C-4D13-972F-E1E613D1272A}
	EndGlobalSection
EndGlobal
